
Microsoft Visual Studio Solution File, Format Version 12.00
# Visual Studio Version 17
VisualStudioVersion = 17.0.32014.148
MinimumVisualStudioVersion = 10.0.40219.1
Project("{778DAE3C-4631-46EA-AA77-85C1314464D9}") = "Gray DNS Importer", "Gray DNS Importer\Gray DNS Importer.vbproj", "{F33E9677-38BE-4C73-AA61-EA212F46E269}"
EndProject
Project("{2150E333-8FDC-42A3-9474-1A3956D46DE8}") = "Solution Items", "Solution Items", "{1FB7094E-597D-49B3-84DE-C566E0993C53}"
	ProjectSection(SolutionItems) = preProject
		TextFile1.txt = TextFile1.txt
	EndProjectSection
EndProject
Global
	GlobalSection(SolutionConfigurationPlatforms) = preSolution
		Debug|Any CPU = Debug|Any CPU
		Release|Any CPU = Release|Any CPU
	EndGlobalSection
	GlobalSection(ProjectConfigurationPlatforms) = postSolution
		{F33E9677-38BE-4C73-AA61-EA212F46E269}.Debug|Any CPU.ActiveCfg = Debug|Any CPU
		{F33E9677-38BE-4C73-AA61-EA212F46E269}.Debug|Any CPU.Build.0 = Debug|Any CPU
		{F33E9677-38BE-4C73-AA61-EA212F46E269}.Release|Any CPU.ActiveCfg = Release|Any CPU
		{F33E9677-38BE-4C73-AA61-EA212F46E269}.Release|Any CPU.Build.0 = Release|Any CPU
	EndGlobalSection
	GlobalSection(SolutionProperties) = preSolution
		HideSolutionNode = FALSE
	EndGlobalSection
	GlobalSection(ExtensibilityGlobals) = postSolution
		SolutionGuid = {C9A32509-57C4-4E46-B9D9-22A703D9C63A}
	EndGlobalSection
EndGlobal
